<?xml version="1.0" encoding="utf-8"?>
<Project ToolsVersion="4.0" xmlns="http://schemas.microsoft.com/developer/msbuild/2003">
  <ItemGroup>
    <Filter Include="Resource Files">
      <UniqueIdentifier>{67DA6AB6-F800-4c08-8B7A-83BB121AAD01}</UniqueIdentifier>
      <Extensions>rc;ico;cur;bmp;dlg;rc2;rct;bin;rgs;gif;jpg;jpeg;jpe;resx;tiff;tif;png;wav;mfcribbon-ms</Extensions>
    </Filter>
  </ItemGroup>
  <ItemGroup>
    <ClInclude Include="raw_driver.hpp" />
    <ClInclude Include="mhyprot.hpp" />
    <ClInclude Include="service_utils.hpp" />
    <ClInclude Include="file_utils.hpp" />
    <ClInclude Include="win_utils.hpp" />
    <ClInclude Include="nt.hpp" />
    <ClInclude Include="libmhyprot.h" />
  </ItemGroup>
  <ItemGroup>
    <ClCompile Include="libmhyprot.cpp" />
    <ClCompile Include="mhyprot.cpp" />
    <ClCompile Include="service_utils.cpp" />
    <ClCompile Include="file_utils.cpp" />
    <ClCompile Include="win_utils.cpp" />
  </ItemGroup>
  <ItemGroup>
    <MASM Include="key.asm" />
  </ItemGroup>
</Project>